// !$*UTF8*$!
{
	archiveVersion = 1;
	classes = {
	};
	objectVersion = 46;
	objects = {

/* Begin PBXBuildFile section */
		B404201F1E785267001A0E06 /* AppDelegate.swift in Sources */ = {isa = PBXBuildFile; fileRef = B404201E1E785267001A0E06 /* AppDelegate.swift */; };
		B40420261E785267001A0E06 /* Assets.xcassets in Resources */ = {isa = PBXBuildFile; fileRef = B40420251E785267001A0E06 /* Assets.xcassets */; };
		B40420291E785267001A0E06 /* LaunchScreen.storyboard in Resources */ = {isa = PBXBuildFile; fileRef = B40420271E785267001A0E06 /* LaunchScreen.storyboard */; };
		B40420321E7852DF001A0E06 /* QZLoginVC.swift in Sources */ = {isa = PBXBuildFile; fileRef = B40420311E7852DF001A0E06 /* QZLoginVC.swift */; };
		B40420351E785312001A0E06 /* QZMain.storyboard in Resources */ = {isa = PBXBuildFile; fileRef = B40420341E785312001A0E06 /* QZMain.storyboard */; };
		B40420381E78587B001A0E06 /* Extension.swift in Sources */ = {isa = PBXBuildFile; fileRef = B40420371E78587B001A0E06 /* Extension.swift */; };
		B404203B1E786096001A0E06 /* QZLoginWS.swift in Sources */ = {isa = PBXBuildFile; fileRef = B404203A1E786095001A0E06 /* QZLoginWS.swift */; };
		B404203D1E78A37F001A0E06 /* QZWelcomeVC.swift in Sources */ = {isa = PBXBuildFile; fileRef = B404203C1E78A37F001A0E06 /* QZWelcomeVC.swift */; };
		B404203F1E78ABA1001A0E06 /* QZUser.swift in Sources */ = {isa = PBXBuildFile; fileRef = B404203E1E78ABA1001A0E06 /* QZUser.swift */; };
		B40420421E78ACF2001A0E06 /* QZQuestion.swift in Sources */ = {isa = PBXBuildFile; fileRef = B40420411E78ACF2001A0E06 /* QZQuestion.swift */; };
/* End PBXBuildFile section */

/* Begin PBXFileReference section */
		B404201B1E785267001A0E06 /* Quiz.app */ = {isa = PBXFileReference; explicitFileType = wrapper.application; includeInIndex = 0; path = Quiz.app; sourceTree = BUILT_PRODUCTS_DIR; };
		B404201E1E785267001A0E06 /* AppDelegate.swift */ = {isa = PBXFileReference; lastKnownFileType = sourcecode.swift; path = AppDelegate.swift; sourceTree = "<group>"; };
		B40420251E785267001A0E06 /* Assets.xcassets */ = {isa = PBXFileReference; lastKnownFileType = folder.assetcatalog; path = Assets.xcassets; sourceTree = "<group>"; };
		B40420281E785267001A0E06 /* Base */ = {isa = PBXFileReference; lastKnownFileType = file.storyboard; name = Base; path = Base.lproj/LaunchScreen.storyboard; sourceTree = "<group>"; };
		B404202A1E785267001A0E06 /* Info.plist */ = {isa = PBXFileReference; lastKnownFileType = text.plist.xml; path = Info.plist; sourceTree = "<group>"; };
		B40420311E7852DF001A0E06 /* QZLoginVC.swift */ = {isa = PBXFileReference; fileEncoding = 4; lastKnownFileType = sourcecode.swift; name = QZLoginVC.swift; path = ViewControllers/QZLoginVC.swift; sourceTree = "<group>"; };
		B40420341E785312001A0E06 /* QZMain.storyboard */ = {isa = PBXFileReference; fileEncoding = 4; lastKnownFileType = file.storyboard; name = QZMain.storyboard; path = StoryBoards/QZMain.storyboard; sourceTree = "<group>"; };
		B40420371E78587B001A0E06 /* Extension.swift */ = {isa = PBXFileReference; fileEncoding = 4; lastKnownFileType = sourcecode.swift; name = Extension.swift; path = Extensions/Extension.swift; sourceTree = "<group>"; };
		B404203A1E786095001A0E06 /* QZLoginWS.swift */ = {isa = PBXFileReference; fileEncoding = 4; lastKnownFileType = sourcecode.swift; name = QZLoginWS.swift; path = Webservices/QZLoginWS.swift; sourceTree = "<group>"; };
		B404203C1E78A37F001A0E06 /* QZWelcomeVC.swift */ = {isa = PBXFileReference; fileEncoding = 4; lastKnownFileType = sourcecode.swift; name = QZWelcomeVC.swift; path = ViewControllers/QZWelcomeVC.swift; sourceTree = "<group>"; };
		B404203E1E78ABA1001A0E06 /* QZUser.swift */ = {isa = PBXFileReference; fileEncoding = 4; lastKnownFileType = sourcecode.swift; name = QZUser.swift; path = Model/QZUser.swift; sourceTree = "<group>"; };
		B40420411E78ACF2001A0E06 /* QZQuestion.swift */ = {isa = PBXFileReference; fileEncoding = 4; lastKnownFileType = sourcecode.swift; name = QZQuestion.swift; path = Model/QZQuestion.swift; sourceTree = "<group>"; };
/* End PBXFileReference section */

/* Begin PBXFrameworksBuildPhase section */
		B40420181E785266001A0E06 /* Frameworks */ = {
			isa = PBXFrameworksBuildPhase;
			buildActionMask = 2147483647;
			files = (
			);
			runOnlyForDeploymentPostprocessing = 0;
		};
/* End PBXFrameworksBuildPhase section */

/* Begin PBXGroup section */
		B40420121E785266001A0E06 = {
			isa = PBXGroup;
			children = (
				B404201D1E785267001A0E06 /* Quiz */,
				B404201C1E785267001A0E06 /* Products */,
			);
			sourceTree = "<group>";
		};
		B404201C1E785267001A0E06 /* Products */ = {
			isa = PBXGroup;
			children = (
				B404201B1E785267001A0E06 /* Quiz.app */,
			);
			name = Products;
			sourceTree = "<group>";
		};
		B404201D1E785267001A0E06 /* Quiz */ = {
			isa = PBXGroup;
			children = (
				B40420401E78ABA5001A0E06 /* Models */,
				B40420391E785F29001A0E06 /* Webservices */,
				B40420361E78570B001A0E06 /* Extensions */,
				B40420301E785281001A0E06 /* ViewControllers */,
				B40420331E7852E9001A0E06 /* StoryBoards */,
				B404201E1E785267001A0E06 /* AppDelegate.swift */,
				B40420251E785267001A0E06 /* Assets.xcassets */,
				B40420271E785267001A0E06 /* LaunchScreen.storyboard */,
				B404202A1E785267001A0E06 /* Info.plist */,
			);
			path = Quiz;
			sourceTree = "<group>";
		};
		B40420301E785281001A0E06 /* ViewControllers */ = {
			isa = PBXGroup;
			children = (
				B40420311E7852DF001A0E06 /* QZLoginVC.swift */,
				B404203C1E78A37F001A0E06 /* QZWelcomeVC.swift */,
			);
			name = ViewControllers;
			sourceTree = "<group>";
		};
		B40420331E7852E9001A0E06 /* StoryBoards */ = {
			isa = PBXGroup;
			children = (
				B40420341E785312001A0E06 /* QZMain.storyboard */,
			);
			name = StoryBoards;
			sourceTree = "<group>";
		};
		B40420361E78570B001A0E06 /* Extensions */ = {
			isa = PBXGroup;
			children = (
				B40420371E78587B001A0E06 /* Extension.swift */,
			);
			name = Extensions;
			sourceTree = "<group>";
		};
		B40420391E785F29001A0E06 /* Webservices */ = {
			isa = PBXGroup;
			children = (
				B404203A1E786095001A0E06 /* QZLoginWS.swift */,
			);
			name = Webservices;
			sourceTree = "<group>";
		};
		B40420401E78ABA5001A0E06 /* Models */ = {
			isa = PBXGroup;
			children = (
				B404203E1E78ABA1001A0E06 /* QZUser.swift */,
				B40420411E78ACF2001A0E06 /* QZQuestion.swift */,
			);
			name = Models;
			sourceTree = "<group>";
		};
/* End PBXGroup section */

/* Begin PBXNativeTarget section */
		B404201A1E785266001A0E06 /* Quiz */ = {
			isa = PBXNativeTarget;
			buildConfigurationList = B404202D1E785267001A0E06 /* Build configuration list for PBXNativeTarget "Quiz" */;
			buildPhases = (
				B40420171E785266001A0E06 /* Sources */,
				B40420181E785266001A0E06 /* Frameworks */,
				B40420191E785266001A0E06 /* Resources */,
			);
			buildRules = (
			);
			dependencies = (
			);
			name = Quiz;
			productName = Quiz;
			productReference = B404201B1E785267001A0E06 /* Quiz.app */;
			productType = "com.apple.product-type.application";
		};
/* End PBXNativeTarget section */

/* Begin PBXProject section */
		B40420131E785266001A0E06 /* Project object */ = {
			isa = PBXProject;
			attributes = {
				LastSwiftUpdateCheck = 0820;
				LastUpgradeCheck = 0820;
				ORGANIZATIONNAME = "Jorge Luna";
				TargetAttributes = {
					B404201A1E785266001A0E06 = {
						CreatedOnToolsVersion = 8.2.1;
						DevelopmentTeam = BLY6N65G69;
						ProvisioningStyle = Automatic;
					};
				};
			};
			buildConfigurationList = B40420161E785266001A0E06 /* Build configuration list for PBXProject "Quiz" */;
			compatibilityVersion = "Xcode 3.2";
			developmentRegion = English;
			hasScannedForEncodings = 0;
			knownRegions = (
				en,
				Base,
			);
			mainGroup = B40420121E785266001A0E06;
			productRefGroup = B404201C1E785267001A0E06 /* Products */;
			projectDirPath = "";
			projectRoot = "";
			targets = (
				B404201A1E785266001A0E06 /* Quiz */,
			);
		};
/* End PBXProject section */

/* Begin PBXResourcesBuildPhase section */
		B40420191E785266001A0E06 /* Resources */ = {
			isa = PBXResourcesBuildPhase;
			buildActionMask = 2147483647;
			files = (
				B40420351E785312001A0E06 /* QZMain.storyboard in Resources */,
				B40420291E785267001A0E06 /* LaunchScreen.storyboard in Resources */,
				B40420261E785267001A0E06 /* Assets.xcassets in Resources */,
			);
			runOnlyForDeploymentPostprocessing = 0;
		};
/* End PBXResourcesBuildPhase section */

/* Begin PBXSourcesBuildPhase section */
		B40420171E785266001A0E06 /* Sources */ = {
			isa = PBXSourcesBuildPhase;
			buildActionMask = 2147483647;
			files = (
				B404203B1E786096001A0E06 /* QZLoginWS.swift in Sources */,
				B40420381E78587B001A0E06 /* Extension.swift in Sources */,
				B40420421E78ACF2001A0E06 /* QZQuestion.swift in Sources */,
				B404203D1E78A37F001A0E06 /* QZWelcomeVC.swift in Sources */,
				B404203F1E78ABA1001A0E06 /* QZUser.swift in Sources */,
				B404201F1E785267001A0E06 /* AppDelegate.swift in Sources */,
				B40420321E7852DF001A0E06 /* QZLoginVC.swift in Sources */,
			);
			runOnlyForDeploymentPostprocessing = 0;
		};
/* End PBXSourcesBuildPhase section */

/* Begin PBXVariantGroup section */
		B40420271E785267001A0E06 /* LaunchScreen.storyboard */ = {
			isa = PBXVariantGroup;
			children = (
				B40420281E785267001A0E06 /* Base */,
			);
			name = LaunchScreen.storyboard;
			sourceTree = "<group>";
		};
/* End PBXVariantGroup section */

/* Begin XCBuildConfiguration section */
		B404202B1E785267001A0E06 /* Debug */ = {
			isa = XCBuildConfiguration;
			buildSettings = {
				ALWAYS_SEARCH_USER_PATHS = NO;
				CLANG_ANALYZER_NONNULL = YES;
				CLANG_CXX_LANGUAGE_STANDARD = "gnu++0x";
				CLANG_CXX_LIBRARY = "libc++";
				CLANG_ENABLE_MODULES = YES;
				CLANG_ENABLE_OBJC_ARC = YES;
				CLANG_WARN_BOOL_CONVERSION = YES;
				CLANG_WARN_CONSTANT_CONVERSION = YES;
				CLANG_WARN_DIRECT_OBJC_ISA_USAGE = YES_ERROR;
				CLANG_WARN_DOCUMENTATION_COMMENTS = YES;
				CLANG_WARN_EMPTY_BODY = YES;
				CLANG_WARN_ENUM_CONVERSION = YES;
				CLANG_WARN_INFINITE_RECURSION = YES;
				CLANG_WARN_INT_CONVERSION = YES;
				CLANG_WARN_OBJC_ROOT_CLASS = YES_ERROR;
				CLANG_WARN_SUSPICIOUS_MOVE = YES;
				CLANG_WARN_UNREACHABLE_CODE = YES;
				CLANG_WARN__DUPLICATE_METHOD_MATCH = YES;
				"CODE_SIGN_IDENTITY[sdk=iphoneos*]" = "iPhone Developer";
				COPY_PHASE_STRIP = NO;
				DEBUG_INFORMATION_FORMAT = dwarf;
				ENABLE_STRICT_OBJC_MSGSEND = YES;
				ENABLE_TESTABILITY = YES;
				GCC_C_LANGUAGE_STANDARD = gnu99;
				GCC_DYNAMIC_NO_PIC = NO;
				GCC_NO_COMMON_BLOCKS = YES;
				GCC_OPTIMIZATION_LEVEL = 0;
				GCC_PREPROCESSOR_DEFINITIONS = (
					"DEBUG=1",
					"$(inherited)",
				);
				GCC_WARN_64_TO_32_BIT_CONVERSION = YES;
				GCC_WARN_ABOUT_RETURN_TYPE = YES_ERROR;
				GCC_WARN_UNDECLARED_SELECTOR = YES;
				GCC_WARN_UNINITIALIZED_AUTOS = YES_AGGRESSIVE;
				GCC_WARN_UNUSED_FUNCTION = YES;
				GCC_WARN_UNUSED_VARIABLE = YES;
				IPHONEOS_DEPLOYMENT_TARGET = 10.2;
				MTL_ENABLE_DEBUG_INFO = YES;
				ONLY_ACTIVE_ARCH = YES;
				SDKROOT = iphoneos;
				SWIFT_ACTIVE_COMPILATION_CONDITIONS = DEBUG;
				SWIFT_OPTIMIZATION_LEVEL = "-Onone";
				TARGETED_DEVICE_FAMILY = "1,2";
			};
			name = Debug;
		};
		B404202C1E785267001A0E06 /* Release */ = {
			isa = XCBuildConfiguration;
			buildSettings = {
				ALWAYS_SEARCH_USER_PATHS = NO;
				CLANG_ANALYZER_NONNULL = YES;
				CLANG_CXX_LANGUAGE_STANDARD = "gnu++0x";
				CLANG_CXX_LIBRARY = "libc++";
				CLANG_ENABLE_MODULES = YES;
				CLANG_ENABLE_OBJC_ARC = YES;
				CLANG_WARN_BOOL_CONVERSION = YES;
				CLANG_WARN_CONSTANT_CONVERSION = YES;
				CLANG_WARN_DIRECT_OBJC_ISA_USAGE = YES_ERROR;
				CLANG_WARN_DOCUMENTATION_COMMENTS = YES;
				CLANG_WARN_EMPTY_BODY = YES;
				CLANG_WARN_ENUM_CONVERSION = YES;
				CLANG_WARN_INFINITE_RECURSION = YES;
				CLANG_WARN_INT_CONVERSION = YES;
				CLANG_WARN_OBJC_ROOT_CLASS = YES_ERROR;
				CLANG_WARN_SUSPICIOUS_MOVE = YES;
				CLANG_WARN_UNREACHABLE_CODE = YES;
				CLANG_WARN__DUPLICATE_METHOD_MATCH = YES;
				"CODE_SIGN_IDENTITY[sdk=iphoneos*]" = "iPhone Developer";
				COPY_PHASE_STRIP = NO;
				DEBUG_INFORMATION_FORMAT = "dwarf-with-dsym";
				ENABLE_NS_ASSERTIONS = NO;
				ENABLE_STRICT_OBJC_MSGSEND = YES;
				GCC_C_LANGUAGE_STANDARD = gnu99;
				GCC_NO_COMMON_BLOCKS = YES;
				GCC_WARN_64_TO_32_BIT_CONVERSION = YES;
				GCC_WARN_ABOUT_RETURN_TYPE = YES_ERROR;
				GCC_WARN_UNDECLARED_SELECTOR = YES;
				GCC_WARN_UNINITIALIZED_AUTOS = YES_AGGRESSIVE;
				GCC_WARN_UNUSED_FUNCTION = YES;
				GCC_WARN_UNUSED_VARIABLE = YES;
				IPHONEOS_DEPLOYMENT_TARGET = 10.2;
				MTL_ENABLE_DEBUG_INFO = NO;
				SDKROOT = iphoneos;
				SWIFT_OPTIMIZATION_LEVEL = "-Owholemodule";
				TARGETED_DEVICE_FAMILY = "1,2";
				VALIDATE_PRODUCT = YES;
			};
			name = Release;
		};
		B404202E1E785267001A0E06 /* Debug */ = {
			isa = XCBuildConfiguration;
			buildSettings = {
				ASSETCATALOG_COMPILER_APPICON_NAME = AppIcon;
				DEVELOPMENT_TEAM = BLY6N65G69;
				INFOPLIST_FILE = Quiz/Info.plist;
				LD_RUNPATH_SEARCH_PATHS = "$(inherited) @executable_path/Frameworks";
				PRODUCT_BUNDLE_IDENTIFIER = Jorge.Quiz;
				PRODUCT_NAME = "$(TARGET_NAME)";
				SWIFT_VERSION = 3.0;
				TARGETED_DEVICE_FAMILY = 1;
			};
			name = Debug;
		};
		B404202F1E785267001A0E06 /* Release */ = {
			isa = XCBuildConfiguration;
			buildSettings = {
				ASSETCATALOG_COMPILER_APPICON_NAME = AppIcon;
				DEVELOPMENT_TEAM = BLY6N65G69;
				INFOPLIST_FILE = Quiz/Info.plist;
				LD_RUNPATH_SEARCH_PATHS = "$(inherited) @executable_path/Frameworks";
				PRODUCT_BUNDLE_IDENTIFIER = Jorge.Quiz;
				PRODUCT_NAME = "$(TARGET_NAME)";
				SWIFT_VERSION = 3.0;
				TARGETED_DEVICE_FAMILY = 1;
			};
			name = Release;
		};
/* End XCBuildConfiguration section */

/* Begin XCConfigurationList section */
		B40420161E785266001A0E06 /* Build configuration list for PBXProject "Quiz" */ = {
			isa = XCConfigurationList;
			buildConfigurations = (
				B404202B1E785267001A0E06 /* Debug */,
				B404202C1E785267001A0E06 /* Release */,
			);
			defaultConfigurationIsVisible = 0;
			defaultConfigurationName = Release;
		};
		B404202D1E785267001A0E06 /* Build configuration list for PBXNativeTarget "Quiz" */ = {
			isa = XCConfigurationList;
			buildConfigurations = (
				B404202E1E785267001A0E06 /* Debug */,
				B404202F1E785267001A0E06 /* Release */,
			);
			defaultConfigurationIsVisible = 0;
		};
/* End XCConfigurationList section */
	};
	rootObject = B40420131E785266001A0E06 /* Project object */;
}
